
Microsoft Visual Studio Solution File, Format Version 12.00
# Visual Studio Version 17
VisualStudioVersion = 17.14.36401.2 d17.14
MinimumVisualStudioVersion = 10.0.40219.1
Project("{FAE04EC0-301F-11D3-BF4B-00C04F79EFBC}") = "CookCam_Web", "CookCam_Web\CookCam_Web.csproj", "{4F60234A-4C8D-453E-9181-C85514454843}"
EndProject
Global
	GlobalSection(SolutionConfigurationPlatforms) = preSolution
		Debug|Any CPU = Debug|Any CPU
		Release|Any CPU = Release|Any CPU
	EndGlobalSection
	GlobalSection(ProjectConfigurationPlatforms) = postSolution
		{4F60234A-4C8D-453E-9181-C85514454843}.Debug|Any CPU.ActiveCfg = Debug|Any CPU
		{4F60234A-4C8D-453E-9181-C85514454843}.Debug|Any CPU.Build.0 = Debug|Any CPU
		{4F60234A-4C8D-453E-9181-C85514454843}.Release|Any CPU.ActiveCfg = Release|Any CPU
		{4F60234A-4C8D-453E-9181-C85514454843}.Release|Any CPU.Build.0 = Release|Any CPU
	EndGlobalSection
	GlobalSection(SolutionProperties) = preSolution
		HideSolutionNode = FALSE
	EndGlobalSection
	GlobalSection(ExtensibilityGlobals) = postSolution
		SolutionGuid = {D6A54AC1-97C6-467D-BF14-D253759741C0}
	EndGlobalSection
EndGlobal
